  <Solution>
    <Folder Name="/apps/" />
    <Folder Name="/apps/desktop/">
        <Project Path="apps/desktop/AStar.Dev.Clock/AStar.Dev.Clock.csproj" />
    </Folder>
    <Folder Name="/packages/">
      <Folder Name="/packages/core/">
        <Project Path="packages/core/AStar.Dev.Utilities/AStar.Dev.Utilities.csproj" />
        <Project Path="packages/core/AStar.Dev.Utilities.Tests.Unit/AStar.Dev.Utilities.Tests.Unit.csproj" />
      </Folder>
    </Folder>
    <Folder Name="/packages/core/">
        <Project Path="packages\core\AStar.Dev.Utilities.Tests.Unit\AStar.Dev.Utilities.Tests.Unit.csproj" />
        <Project Path="packages\core\AStar.Dev.Utilities\AStar.Dev.Utilities.csproj" />
    </Folder>
  </Solution>
