  <Solution>
    <Folder Name="/apps/" />
    <Folder Name="/apps/desktop/">
        <Project Path="apps/desktop/AStar.Dev.Clock/AStar.Dev.Clock.csproj" />
        <Project Path="apps/desktop/AStar.Dev.OneDrive.Sync.Client.Tests.Unit/AStar.Dev.OneDrive.Sync.Client.Tests.Unit.csproj" />
        <Project Path="apps/desktop/AStar.Dev.OneDrive.Sync.Client/AStar.Dev.OneDrive.Sync.Client.csproj" />
    </Folder>
    <Folder Name="/apps/desktop/AStar.Dev.File.App/">
        <Project Path="apps/desktop/AStar.Dev.File.App/AStar.Dev.File.App.Tests.Unit/AStar.Dev.File.App.Tests.Unit.csproj" />
        <Project Path="apps/desktop/AStar.Dev.File.App/AStar.Dev.File.App/AStar.Dev.File.App.csproj" />
    </Folder>
    <Folder Name="/apps/web/" />
    <Folder Name="/infra/" />
    <Folder Name="/packages/" />
    <Folder Name="/packages/aspnet/" />
    <Folder Name="/packages/aspnet/astar-dev-api-health-checks/">
        <Project Path="packages/aspnet/astar-dev-api-health-checks/AStar.Dev.Api.HealthChecks.Tests.Unit/AStar.Dev.Api.HealthChecks.Tests.Unit.csproj" />
        <Project Path="packages/aspnet/astar-dev-api-health-checks/AStar.Dev.Api.HealthChecks/AStar.Dev.Api.HealthChecks.csproj" />
    </Folder>
    <Folder Name="/packages/core/" />
    <Folder Name="/packages/core/functional/">
        <Project Path="packages/core/functional/AStar.Dev.Functional.Extensions.Tests.Unit/AStar.Dev.Functional.Extensions.Tests.Unit.csproj" />
        <Project Path="packages/core/functional/AStar.Dev.Functional.Extensions/AStar.Dev.Functional.Extensions.csproj" />
    </Folder>
    <Folder Name="/packages/core/logging/">
        <Project Path="packages/core/logging/AStar.Dev.Logging.Extensions.Tests.Unit/AStar.Dev.Logging.Extensions.Tests.Unit.csproj" />
        <Project Path="packages/core/logging/AStar.Dev.Logging.Extensions/AStar.Dev.Logging.Extensions.csproj" />
    </Folder>
    <Folder Name="/packages/core/utilities/">
        <Project Path="packages/core/utilities/AStar.Dev.FluentAssignments.Tests.Unit/AStar.Dev.FluentAssignments.Tests.Unit.csproj" />
        <Project Path="packages/core/utilities/AStar.Dev.FluentAssignments/AStar.Dev.FluentAssignments.csproj" />
        <Project Path="packages/core/utilities/AStar.Dev.Guard.Clauses.Tests.Unit/AStar.Dev.Guard.Clauses.Tests.Unit.csproj" />
        <Project Path="packages/core/utilities/AStar.Dev.Guard.Clauses/AStar.Dev.Guard.Clauses.csproj" />
        <Project Path="packages/core/utilities/AStar.Dev.Technical.Debt.Reporting/AStar.Dev.Technical.Debt.Reporting.csproj" />
        <Project Path="packages/core/utilities/AStar.Dev.Utilities/AStar.Dev.Utilities.csproj" />
        <Project Path="packages/core/utilities/AStar.Dev.Utilities.Tests.Unit/AStar.Dev.Utilities.Tests.Unit.csproj" />
    </Folder>
    <Folder Name="/packages/source-generators/">
        <Project Path="packages/source-generators/AStar.Dev.Source.Analyzers/AStar.Dev.Source.Analyzers.csproj" />
        <Project Path="packages/source-generators/AStar.Dev.Source.Generators.Attributes.Tests.Unit/AStar.Dev.Source.Generators.Attributes.Tests.Unit.csproj" />
        <Project Path="packages/source-generators/AStar.Dev.Source.Generators.Attributes/AStar.Dev.Source.Generators.Attributes.csproj" />
        <Project Path="packages/source-generators/AStar.Dev.Source.Generators.Sample/AStar.Dev.Source.Generators.Sample.csproj" />
        <Project Path="packages/source-generators/AStar.Dev.Source.Generators.Tests.Unit/AStar.Dev.Source.Generators.Tests.Unit.csproj" />
        <Project Path="packages/source-generators/AStar.Dev.Source.Generators/AStar.Dev.Source.Generators.csproj" />
    </Folder>
    <Folder Name="/tests/" />
  </Solution>
