Microsoft Visual Studio Solution File, Format Version 12.00
# Visual Studio Version 17
VisualStudioVersion = 17.5.2.0
MinimumVisualStudioVersion = 10.0.40219.1
Project("{FAE04EC0-301F-11D3-BF4B-00C04F79EFBC}") = "AStar.Dev.OneDriveSync", "AStar.Dev.OneDriveSync.csproj", "{316E0C1E-B053-CAB3-1DE8-299AE553C836}"
EndProject
Global
	GlobalSection(SolutionConfigurationPlatforms) = preSolution
		Debug|Any CPU = Debug|Any CPU
		Release|Any CPU = Release|Any CPU
	EndGlobalSection
	GlobalSection(ProjectConfigurationPlatforms) = postSolution
		{316E0C1E-B053-CAB3-1DE8-299AE553C836}.Debug|Any CPU.ActiveCfg = Debug|Any CPU
		{316E0C1E-B053-CAB3-1DE8-299AE553C836}.Debug|Any CPU.Build.0 = Debug|Any CPU
		{316E0C1E-B053-CAB3-1DE8-299AE553C836}.Release|Any CPU.ActiveCfg = Release|Any CPU
		{316E0C1E-B053-CAB3-1DE8-299AE553C836}.Release|Any CPU.Build.0 = Release|Any CPU
	EndGlobalSection
	GlobalSection(SolutionProperties) = preSolution
		HideSolutionNode = FALSE
	EndGlobalSection
	GlobalSection(ExtensibilityGlobals) = postSolution
		SolutionGuid = {658C58DF-74F6-4991-A265-03C51423B006}
	EndGlobalSection
EndGlobal
